{
  "name": "@fattafatta/rescript-solidjs",
  "version": "0.5.0",
  "lockfileVersion": 2,
  "requires": true,
  "packages": {
    "": {
      "name": "@fattafatta/rescript-solidjs",
      "version": "0.5.0",
      "license": "MIT",
      "dependencies": {
        "rescript": "^9.1.4"
      },
      "peerDependencies": {
        "solid-js": "^1.4.5"
      }
    },
    "node_modules/rescript": {
      "version": "9.1.4",
      "resolved": "https://registry.npmjs.org/rescript/-/rescript-9.1.4.tgz",
      "integrity": "sha512-aXANK4IqecJzdnDpJUsU6pxMViCR5ogAxzuqS0mOr8TloMnzAjJFu63fjD6LCkWrKAhlMkFFzQvVQYaAaVkFXw==",
      "hasInstallScript": true,
      "bin": {
        "bsc": "bsc",
        "bsrefmt": "bsrefmt",
        "bstracing": "lib/bstracing",
        "rescript": "rescript"
      }
    },
    "node_modules/solid-js": {
      "version": "1.4.5",
      "resolved": "https://registry.npmjs.org/solid-js/-/solid-js-1.4.5.tgz",
      "integrity": "sha512-32NGpuabEJDTeQ7fjaTR2TLC7R/X5hbqhYdEQ1e+GcIK8r8+/V0Nv17eZQii5Z/97/mtdt8yi63chzg73qnz/A==",
      "peer": true
    }
  },
  "dependencies": {
    "rescript": {
      "version": "9.1.4",
      "resolved": "https://registry.npmjs.org/rescript/-/rescript-9.1.4.tgz",
      "integrity": "sha512-aXANK4IqecJzdnDpJUsU6pxMViCR5ogAxzuqS0mOr8TloMnzAjJFu63fjD6LCkWrKAhlMkFFzQvVQYaAaVkFXw=="
    },
    "solid-js": {
      "version": "1.4.5",
      "resolved": "https://registry.npmjs.org/solid-js/-/solid-js-1.4.5.tgz",
      "integrity": "sha512-32NGpuabEJDTeQ7fjaTR2TLC7R/X5hbqhYdEQ1e+GcIK8r8+/V0Nv17eZQii5Z/97/mtdt8yi63chzg73qnz/A==",
      "peer": true
    }
  }
}
