{
  "name": "@fattafatta/rescript-solidjs",
  "version": "0.1.1",
  "lockfileVersion": 2,
  "requires": true,
  "packages": {
    "": {
      "name": "@fattafatta/rescript-solidjs",
      "version": "0.1.1",
      "license": "MIT",
      "dependencies": {
        "rescript": "^9.1.4"
      },
      "peerDependencies": {
        "solid-js": "^1.4.3"
      }
    },
    "node_modules/rescript": {
      "version": "9.1.4",
      "resolved": "https://registry.npmjs.org/rescript/-/rescript-9.1.4.tgz",
      "integrity": "sha512-aXANK4IqecJzdnDpJUsU6pxMViCR5ogAxzuqS0mOr8TloMnzAjJFu63fjD6LCkWrKAhlMkFFzQvVQYaAaVkFXw==",
      "hasInstallScript": true,
      "bin": {
        "bsc": "bsc",
        "bsrefmt": "bsrefmt",
        "bstracing": "lib/bstracing",
        "rescript": "rescript"
      }
    },
    "node_modules/solid-js": {
      "version": "1.4.3",
      "resolved": "https://registry.npmjs.org/solid-js/-/solid-js-1.4.3.tgz",
      "integrity": "sha512-3uh2cbT4ICronIasLAxycF6SVgvqcfwFCDCzlEA9CEahn1qQg8Rw8aRGiI4O51PrHcN5aPRO9knYYRCs0PgzcQ==",
      "peer": true
    }
  },
  "dependencies": {
    "rescript": {
      "version": "9.1.4",
      "resolved": "https://registry.npmjs.org/rescript/-/rescript-9.1.4.tgz",
      "integrity": "sha512-aXANK4IqecJzdnDpJUsU6pxMViCR5ogAxzuqS0mOr8TloMnzAjJFu63fjD6LCkWrKAhlMkFFzQvVQYaAaVkFXw=="
    },
    "solid-js": {
      "version": "1.4.3",
      "resolved": "https://registry.npmjs.org/solid-js/-/solid-js-1.4.3.tgz",
      "integrity": "sha512-3uh2cbT4ICronIasLAxycF6SVgvqcfwFCDCzlEA9CEahn1qQg8Rw8aRGiI4O51PrHcN5aPRO9knYYRCs0PgzcQ==",
      "peer": true
    }
  }
}
